
Microsoft Visual Studio Solution File, Format Version 12.00
# Visual Studio Version 17
VisualStudioVersion = 17.8.34309.116
MinimumVisualStudioVersion = 10.0.40219.1
Project("{9A19103F-16F7-4668-BE54-9A1E7A4F7556}") = "SampleSolutionWPF", "SampleSolutionWPF\SampleSolutionWPF.csproj", "{94DFAE07-DA16-41C9-B68A-DCDF7BC9E8A4}"
EndProject
Project("{9A19103F-16F7-4668-BE54-9A1E7A4F7556}") = "SampleSolution.WebApi", "SampleSolution.WebApi\SampleSolution.WebApi.csproj", "{4CE86FA1-9658-49D2-88E1-994F0B1D4EA6}"
EndProject
Project("{00D1A9C2-B5F0-4AF3-8072-F6C62B433612}") = "SampleSolution.SQL", "SampleSolution.SQL\SampleSolution.SQL.sqlproj", "{E397676A-C2EE-430D-B724-C84CEDA98633}"
EndProject
Project("{2150E333-8FDC-42A3-9474-1A3956D46DE8}") = "Solution Items", "Solution Items", "{5B69377C-EA96-48AA-8DB0-2A842ECFAE7A}"
	ProjectSection(SolutionItems) = preProject
		PostDeployData.txt = PostDeployData.txt
		readme.txt = readme.txt
	EndProjectSection
EndProject
Global
	GlobalSection(SolutionConfigurationPlatforms) = preSolution
		Debug|Any CPU = Debug|Any CPU
		Release|Any CPU = Release|Any CPU
	EndGlobalSection
	GlobalSection(ProjectConfigurationPlatforms) = postSolution
		{94DFAE07-DA16-41C9-B68A-DCDF7BC9E8A4}.Debug|Any CPU.ActiveCfg = Debug|Any CPU
		{94DFAE07-DA16-41C9-B68A-DCDF7BC9E8A4}.Debug|Any CPU.Build.0 = Debug|Any CPU
		{94DFAE07-DA16-41C9-B68A-DCDF7BC9E8A4}.Release|Any CPU.ActiveCfg = Release|Any CPU
		{94DFAE07-DA16-41C9-B68A-DCDF7BC9E8A4}.Release|Any CPU.Build.0 = Release|Any CPU
		{4CE86FA1-9658-49D2-88E1-994F0B1D4EA6}.Debug|Any CPU.ActiveCfg = Debug|Any CPU
		{4CE86FA1-9658-49D2-88E1-994F0B1D4EA6}.Debug|Any CPU.Build.0 = Debug|Any CPU
		{4CE86FA1-9658-49D2-88E1-994F0B1D4EA6}.Release|Any CPU.ActiveCfg = Release|Any CPU
		{4CE86FA1-9658-49D2-88E1-994F0B1D4EA6}.Release|Any CPU.Build.0 = Release|Any CPU
		{E397676A-C2EE-430D-B724-C84CEDA98633}.Debug|Any CPU.ActiveCfg = Debug|Any CPU
		{E397676A-C2EE-430D-B724-C84CEDA98633}.Debug|Any CPU.Build.0 = Debug|Any CPU
		{E397676A-C2EE-430D-B724-C84CEDA98633}.Debug|Any CPU.Deploy.0 = Debug|Any CPU
		{E397676A-C2EE-430D-B724-C84CEDA98633}.Release|Any CPU.ActiveCfg = Release|Any CPU
		{E397676A-C2EE-430D-B724-C84CEDA98633}.Release|Any CPU.Build.0 = Release|Any CPU
		{E397676A-C2EE-430D-B724-C84CEDA98633}.Release|Any CPU.Deploy.0 = Release|Any CPU
	EndGlobalSection
	GlobalSection(SolutionProperties) = preSolution
		HideSolutionNode = FALSE
	EndGlobalSection
	GlobalSection(ExtensibilityGlobals) = postSolution
		SolutionGuid = {D5837E9D-05B6-4E61-88E5-698F9085E1CD}
	EndGlobalSection
EndGlobal
